Microsoft Visual Studio Solution File, Format Version 12.00
# Visual Studio Version 17
VisualStudioVersion = 17.5.2.0
MinimumVisualStudioVersion = 10.0.40219.1
Project("{2150E333-8FDC-42A3-9474-1A3956D46DE8}") = "scripts", "scripts", "{C4AD9936-F0DF-1090-6077-3D4A6324E662}"
EndProject
Project("{FAE04EC0-301F-11D3-BF4B-00C04F79EFBC}") = "GoogleCareersSync", "scripts\GoogleCareersSync\GoogleCareersSync.csproj", "{5A60C220-6A8F-35AE-2660-3C5B51A8F080}"
EndProject
Global
	GlobalSection(SolutionConfigurationPlatforms) = preSolution
		Debug|Any CPU = Debug|Any CPU
		Release|Any CPU = Release|Any CPU
	EndGlobalSection
	GlobalSection(ProjectConfigurationPlatforms) = postSolution
		{5A60C220-6A8F-35AE-2660-3C5B51A8F080}.Debug|Any CPU.ActiveCfg = Debug|Any CPU
		{5A60C220-6A8F-35AE-2660-3C5B51A8F080}.Debug|Any CPU.Build.0 = Debug|Any CPU
		{5A60C220-6A8F-35AE-2660-3C5B51A8F080}.Release|Any CPU.ActiveCfg = Release|Any CPU
		{5A60C220-6A8F-35AE-2660-3C5B51A8F080}.Release|Any CPU.Build.0 = Release|Any CPU
	EndGlobalSection
	GlobalSection(SolutionProperties) = preSolution
		HideSolutionNode = FALSE
	EndGlobalSection
	GlobalSection(NestedProjects) = preSolution
		{5A60C220-6A8F-35AE-2660-3C5B51A8F080} = {C4AD9936-F0DF-1090-6077-3D4A6324E662}
	EndGlobalSection
	GlobalSection(ExtensibilityGlobals) = postSolution
		SolutionGuid = {F2A4C9BB-8727-406A-8DF3-60F987BCB252}
	EndGlobalSection
EndGlobal
